# This file is automatically @generated by Cargo.
# It is not intended for manual editing.
[[package]]
name = "aho-corasick"
version = "0.7.4"
source = "registry+https://github.com/rust-lang/crates.io-index"
dependencies = [
 "memchr 2.2.1 (registry+https://github.com/rust-lang/crates.io-index)",
]

[[package]]
name = "arrayref"
version = "0.3.4"
source = "registry+https://github.com/rust-lang/crates.io-index"

[[package]]
name = "base32"
version = "0.4.0"
source = "registry+https://github.com/rust-lang/crates.io-index"

[[package]]
name = "block-buffer"
version = "0.3.3"
source = "registry+https://github.com/rust-lang/crates.io-index"
dependencies = [
 "arrayref 0.3.4 (registry+https://github.com/rust-lang/crates.io-index)",
 "byte-tools 0.2.0 (registry+https://github.com/rust-lang/crates.io-index)",
]

[[package]]
name = "byte-tools"
version = "0.2.0"
source = "registry+https://github.com/rust-lang/crates.io-index"

[[package]]
name = "constant_time_eq"
version = "0.1.3"
source = "registry+https://github.com/rust-lang/crates.io-index"

[[package]]
name = "crypto-mac"
version = "0.6.2"
source = "registry+https://github.com/rust-lang/crates.io-index"
dependencies = [
 "constant_time_eq 0.1.3 (registry+https://github.com/rust-lang/crates.io-index)",
 "generic-array 0.9.0 (registry+https://github.com/rust-lang/crates.io-index)",
]

[[package]]
name = "digest"
version = "0.7.4"
source = "registry+https://github.com/rust-lang/crates.io-index"
dependencies = [
 "generic-array 0.9.0 (registry+https://github.com/rust-lang/crates.io-index)",
]

[[package]]
name = "fake-simd"
version = "0.1.2"
source = "registry+https://github.com/rust-lang/crates.io-index"

[[package]]
name = "generic-array"
version = "0.9.0"
source = "registry+https://github.com/rust-lang/crates.io-index"
dependencies = [
 "typenum 1.10.0 (registry+https://github.com/rust-lang/crates.io-index)",
]

[[package]]
name = "hmac"
version = "0.6.2"
source = "registry+https://github.com/rust-lang/crates.io-index"
dependencies = [
 "crypto-mac 0.6.2 (registry+https://github.com/rust-lang/crates.io-index)",
 "digest 0.7.4 (registry+https://github.com/rust-lang/crates.io-index)",
]

[[package]]
name = "lazy_static"
version = "1.0.1"
source = "registry+https://github.com/rust-lang/crates.io-index"

[[package]]
name = "memchr"
version = "2.2.1"
source = "registry+https://github.com/rust-lang/crates.io-index"

[[package]]
name = "regex"
version = "1.2.0"
source = "registry+https://github.com/rust-lang/crates.io-index"
dependencies = [
 "aho-corasick 0.7.4 (registry+https://github.com/rust-lang/crates.io-index)",
 "memchr 2.2.1 (registry+https://github.com/rust-lang/crates.io-index)",
 "regex-syntax 0.6.10 (registry+https://github.com/rust-lang/crates.io-index)",
 "thread_local 0.3.6 (registry+https://github.com/rust-lang/crates.io-index)",
 "utf8-ranges 1.0.3 (registry+https://github.com/rust-lang/crates.io-index)",
]

[[package]]
name = "regex-syntax"
version = "0.6.10"
source = "registry+https://github.com/rust-lang/crates.io-index"
dependencies = [
 "ucd-util 0.1.5 (registry+https://github.com/rust-lang/crates.io-index)",
]

[[package]]
name = "serde"
version = "1.0.69"
source = "registry+https://github.com/rust-lang/crates.io-index"

[[package]]
name = "sha-1"
version = "0.7.0"
source = "registry+https://github.com/rust-lang/crates.io-index"
dependencies = [
 "block-buffer 0.3.3 (registry+https://github.com/rust-lang/crates.io-index)",
 "byte-tools 0.2.0 (registry+https://github.com/rust-lang/crates.io-index)",
 "digest 0.7.4 (registry+https://github.com/rust-lang/crates.io-index)",
 "fake-simd 0.1.2 (registry+https://github.com/rust-lang/crates.io-index)",
]

[[package]]
name = "thread_local"
version = "0.3.6"
source = "registry+https://github.com/rust-lang/crates.io-index"
dependencies = [
 "lazy_static 1.0.1 (registry+https://github.com/rust-lang/crates.io-index)",
]

[[package]]
name = "toml"
version = "0.5.1"
source = "registry+https://github.com/rust-lang/crates.io-index"
dependencies = [
 "serde 1.0.69 (registry+https://github.com/rust-lang/crates.io-index)",
]

[[package]]
name = "totp-cli"
version = "0.1.0"
dependencies = [
 "base32 0.4.0 (registry+https://github.com/rust-lang/crates.io-index)",
 "hmac 0.6.2 (registry+https://github.com/rust-lang/crates.io-index)",
 "regex 1.2.0 (registry+https://github.com/rust-lang/crates.io-index)",
 "sha-1 0.7.0 (registry+https://github.com/rust-lang/crates.io-index)",
 "toml 0.5.1 (registry+https://github.com/rust-lang/crates.io-index)",
]

[[package]]
name = "typenum"
version = "1.10.0"
source = "registry+https://github.com/rust-lang/crates.io-index"

[[package]]
name = "ucd-util"
version = "0.1.5"
source = "registry+https://github.com/rust-lang/crates.io-index"

[[package]]
name = "utf8-ranges"
version = "1.0.3"
source = "registry+https://github.com/rust-lang/crates.io-index"

[metadata]
"checksum aho-corasick 0.7.4 (registry+https://github.com/rust-lang/crates.io-index)" = "36b7aa1ccb7d7ea3f437cf025a2ab1c47cc6c1bc9fc84918ff449def12f5e282"
"checksum arrayref 0.3.4 (registry+https://github.com/rust-lang/crates.io-index)" = "0fd1479b7c29641adbd35ff3b5c293922d696a92f25c8c975da3e0acbc87258f"
"checksum base32 0.4.0 (registry+https://github.com/rust-lang/crates.io-index)" = "23ce669cd6c8588f79e15cf450314f9638f967fc5770ff1c7c1deb0925ea7cfa"
"checksum block-buffer 0.3.3 (registry+https://github.com/rust-lang/crates.io-index)" = "a076c298b9ecdb530ed9d967e74a6027d6a7478924520acddcddc24c1c8ab3ab"
"checksum byte-tools 0.2.0 (registry+https://github.com/rust-lang/crates.io-index)" = "560c32574a12a89ecd91f5e742165893f86e3ab98d21f8ea548658eb9eef5f40"
"checksum constant_time_eq 0.1.3 (registry+https://github.com/rust-lang/crates.io-index)" = "8ff012e225ce166d4422e0e78419d901719760f62ae2b7969ca6b564d1b54a9e"
"checksum crypto-mac 0.6.2 (registry+https://github.com/rust-lang/crates.io-index)" = "7afa06d05a046c7a47c3a849907ec303504608c927f4e85f7bfff22b7180d971"
"checksum digest 0.7.4 (registry+https://github.com/rust-lang/crates.io-index)" = "3cae2388d706b52f2f2f9afe280f9d768be36544bd71d1b8120cb34ea6450b55"
"checksum fake-simd 0.1.2 (registry+https://github.com/rust-lang/crates.io-index)" = "e88a8acf291dafb59c2d96e8f59828f3838bb1a70398823ade51a84de6a6deed"
"checksum generic-array 0.9.0 (registry+https://github.com/rust-lang/crates.io-index)" = "ef25c5683767570c2bbd7deba372926a55eaae9982d7726ee2a1050239d45b9d"
"checksum hmac 0.6.2 (registry+https://github.com/rust-lang/crates.io-index)" = "efb895368093a17d136b1d9eecdb607c7aa038a452e646c74e37ded2da106285"
"checksum lazy_static 1.0.1 (registry+https://github.com/rust-lang/crates.io-index)" = "e6412c5e2ad9584b0b8e979393122026cdd6d2a80b933f890dcd694ddbe73739"
"checksum memchr 2.2.1 (registry+https://github.com/rust-lang/crates.io-index)" = "88579771288728879b57485cc7d6b07d648c9f0141eb955f8ab7f9d45394468e"
"checksum regex 1.2.0 (registry+https://github.com/rust-lang/crates.io-index)" = "6b23da8dfd98a84bd7e08700190a5d9f7d2d38abd4369dd1dae651bc40bfd2cc"
"checksum regex-syntax 0.6.10 (registry+https://github.com/rust-lang/crates.io-index)" = "cd5485bf1523a9ed51c4964273f22f63f24e31632adb5dad134f488f86a3875c"
"checksum serde 1.0.69 (registry+https://github.com/rust-lang/crates.io-index)" = "210e5a3b159c566d7527e9b22e44be73f2e0fcc330bb78fef4dbccb56d2e74c8"
"checksum sha-1 0.7.0 (registry+https://github.com/rust-lang/crates.io-index)" = "51b9d1f3b5de8a167ab06834a7c883bd197f2191e1dda1a22d9ccfeedbf9aded"
"checksum thread_local 0.3.6 (registry+https://github.com/rust-lang/crates.io-index)" = "c6b53e329000edc2b34dbe8545fd20e55a333362d0a321909685a19bd28c3f1b"
"checksum toml 0.5.1 (registry+https://github.com/rust-lang/crates.io-index)" = "b8c96d7873fa7ef8bdeb3a9cda3ac48389b4154f32b9803b4bc26220b677b039"
"checksum typenum 1.10.0 (registry+https://github.com/rust-lang/crates.io-index)" = "612d636f949607bdf9b123b4a6f6d966dedf3ff669f7f045890d3a4a73948169"
"checksum ucd-util 0.1.5 (registry+https://github.com/rust-lang/crates.io-index)" = "fa9b3b49edd3468c0e6565d85783f51af95212b6fa3986a5500954f00b460874"
"checksum utf8-ranges 1.0.3 (registry+https://github.com/rust-lang/crates.io-index)" = "9d50aa7650df78abf942826607c62468ce18d9019673d4a2ebe1865dbb96ffde"
